
Microsoft Visual Studio Solution File, Format Version 12.00
# Visual Studio Version 16
VisualStudioVersion = 16.0.32228.343
MinimumVisualStudioVersion = 10.0.40219.1
Project("{FAE04EC0-301F-11D3-BF4B-00C04F79EFBC}") = "CrudWindowsFormsAddoNet", "CrudWindowsFormsAddoNet\CrudWindowsFormsAddoNet.csproj", "{90A255BA-4CFD-4E1A-86CE-6FFB979B6003}"
EndProject
Project("{2150E333-8FDC-42A3-9474-1A3956D46DE8}") = "SQL", "SQL", "{94F2C532-6BDB-4B5F-AD16-D459F6B11FB6}"
	ProjectSection(SolutionItems) = preProject
		DBPrueba.sql = DBPrueba.sql
	EndProjectSection
EndProject
Global
	GlobalSection(SolutionConfigurationPlatforms) = preSolution
		Debug|Any CPU = Debug|Any CPU
		Release|Any CPU = Release|Any CPU
	EndGlobalSection
	GlobalSection(ProjectConfigurationPlatforms) = postSolution
		{90A255BA-4CFD-4E1A-86CE-6FFB979B6003}.Debug|Any CPU.ActiveCfg = Debug|Any CPU
		{90A255BA-4CFD-4E1A-86CE-6FFB979B6003}.Debug|Any CPU.Build.0 = Debug|Any CPU
		{90A255BA-4CFD-4E1A-86CE-6FFB979B6003}.Release|Any CPU.ActiveCfg = Release|Any CPU
		{90A255BA-4CFD-4E1A-86CE-6FFB979B6003}.Release|Any CPU.Build.0 = Release|Any CPU
	EndGlobalSection
	GlobalSection(SolutionProperties) = preSolution
		HideSolutionNode = FALSE
	EndGlobalSection
	GlobalSection(ExtensibilityGlobals) = postSolution
		SolutionGuid = {DBABAC62-C0E7-4DCF-BFD1-8E9A1916FAB4}
	EndGlobalSection
EndGlobal
